
Microsoft Visual Studio Solution File, Format Version 12.00
# Visual Studio Version 17
VisualStudioVersion = 17.9.34714.143
MinimumVisualStudioVersion = 10.0.40219.1
Project("{FAE04EC0-301F-11D3-BF4B-00C04F79EFBC}") = "InvoiceSystemWebapp", "InvoiceSystemWebapp\InvoiceSystemWebapp.csproj", "{B8CECA0B-CE35-4A41-A586-7B2CA81DC88E}"
EndProject
Global
	GlobalSection(SolutionConfigurationPlatforms) = preSolution
		Debug|Any CPU = Debug|Any CPU
		Release|Any CPU = Release|Any CPU
	EndGlobalSection
	GlobalSection(ProjectConfigurationPlatforms) = postSolution
		{B8CECA0B-CE35-4A41-A586-7B2CA81DC88E}.Debug|Any CPU.ActiveCfg = Debug|Any CPU
		{B8CECA0B-CE35-4A41-A586-7B2CA81DC88E}.Debug|Any CPU.Build.0 = Debug|Any CPU
		{B8CECA0B-CE35-4A41-A586-7B2CA81DC88E}.Release|Any CPU.ActiveCfg = Release|Any CPU
		{B8CECA0B-CE35-4A41-A586-7B2CA81DC88E}.Release|Any CPU.Build.0 = Release|Any CPU
	EndGlobalSection
	GlobalSection(SolutionProperties) = preSolution
		HideSolutionNode = FALSE
	EndGlobalSection
	GlobalSection(ExtensibilityGlobals) = postSolution
		SolutionGuid = {4E6A8127-3D97-44A0-8770-0ED972D360D9}
	EndGlobalSection
EndGlobal
